
Microsoft Visual Studio Solution File, Format Version 12.00
# Visual Studio Version 16
VisualStudioVersion = 16.0.32002.261
MinimumVisualStudioVersion = 10.0.40219.1
Project("{FAE04EC0-301F-11D3-BF4B-00C04F79EFBC}") = "Magaza-NGSS", "Magaza-NGSS\Magaza-NGSS.csproj", "{99DD7418-01F0-42F9-95C2-E636162FF476}"
EndProject
Global
	GlobalSection(SolutionConfigurationPlatforms) = preSolution
		Debug|Any CPU = Debug|Any CPU
		Release|Any CPU = Release|Any CPU
	EndGlobalSection
	GlobalSection(ProjectConfigurationPlatforms) = postSolution
		{99DD7418-01F0-42F9-95C2-E636162FF476}.Debug|Any CPU.ActiveCfg = Debug|Any CPU
		{99DD7418-01F0-42F9-95C2-E636162FF476}.Debug|Any CPU.Build.0 = Debug|Any CPU
		{99DD7418-01F0-42F9-95C2-E636162FF476}.Release|Any CPU.ActiveCfg = Release|Any CPU
		{99DD7418-01F0-42F9-95C2-E636162FF476}.Release|Any CPU.Build.0 = Release|Any CPU
	EndGlobalSection
	GlobalSection(SolutionProperties) = preSolution
		HideSolutionNode = FALSE
	EndGlobalSection
	GlobalSection(ExtensibilityGlobals) = postSolution
		SolutionGuid = {22DA7DF0-4B5D-476B-9A64-1AD9310C484F}
	EndGlobalSection
EndGlobal
